
Microsoft Visual Studio Solution File, Format Version 12.00
# Visual Studio Version 16
VisualStudioVersion = 16.0.31229.75
MinimumVisualStudioVersion = 10.0.40219.1
Project("{2150E333-8FDC-42A3-9474-1A3956D46DE8}") = "TaskRunner", "TaskRunner", "{259E00B8-5CCF-446B-A226-00D34414292D}"
EndProject
Project("{FAE04EC0-301F-11D3-BF4B-00C04F79EFBC}") = "TaskRunner", "TaskRunner\TaskRunner.csproj", "{B68696C8-214B-40CE-9B3A-7A39F6151153}"
EndProject
Project("{2150E333-8FDC-42A3-9474-1A3956D46DE8}") = "Common", "Common", "{C7DD01B8-11A0-448A-8610-59A668BDE254}"
EndProject
Project("{FAE04EC0-301F-11D3-BF4B-00C04F79EFBC}") = "Common", "Common\Common\Common.csproj", "{2149D070-4F1D-4A13-B495-EFDF215882F0}"
EndProject
Project("{2150E333-8FDC-42A3-9474-1A3956D46DE8}") = "1.Arrays", "1.Arrays", "{76E61CA2-34A9-4ECD-8410-6ACC89C251D3}"
EndProject
Project("{FAE04EC0-301F-11D3-BF4B-00C04F79EFBC}") = "Arrays", "1.Arrays\Arrays\Arrays.csproj", "{3E17CCE3-8CEA-457A-B24B-831451E2AC83}"
EndProject
Project("{2150E333-8FDC-42A3-9474-1A3956D46DE8}") = "99.UnitTest", "99.UnitTest", "{504F10A2-6644-4558-9530-094D0A8F6CBD}"
EndProject
Project("{FAE04EC0-301F-11D3-BF4B-00C04F79EFBC}") = "UnitTest", "99.UnitTest\UnitTest\UnitTest.csproj", "{7705CBD6-6596-4A5D-A42B-A4A909B3B63A}"
EndProject
Global
	GlobalSection(SolutionConfigurationPlatforms) = preSolution
		Debug|Any CPU = Debug|Any CPU
		Release|Any CPU = Release|Any CPU
	EndGlobalSection
	GlobalSection(ProjectConfigurationPlatforms) = postSolution
		{B68696C8-214B-40CE-9B3A-7A39F6151153}.Debug|Any CPU.ActiveCfg = Debug|Any CPU
		{B68696C8-214B-40CE-9B3A-7A39F6151153}.Debug|Any CPU.Build.0 = Debug|Any CPU
		{B68696C8-214B-40CE-9B3A-7A39F6151153}.Release|Any CPU.ActiveCfg = Release|Any CPU
		{B68696C8-214B-40CE-9B3A-7A39F6151153}.Release|Any CPU.Build.0 = Release|Any CPU
		{2149D070-4F1D-4A13-B495-EFDF215882F0}.Debug|Any CPU.ActiveCfg = Debug|Any CPU
		{2149D070-4F1D-4A13-B495-EFDF215882F0}.Debug|Any CPU.Build.0 = Debug|Any CPU
		{2149D070-4F1D-4A13-B495-EFDF215882F0}.Release|Any CPU.ActiveCfg = Release|Any CPU
		{2149D070-4F1D-4A13-B495-EFDF215882F0}.Release|Any CPU.Build.0 = Release|Any CPU
		{3E17CCE3-8CEA-457A-B24B-831451E2AC83}.Debug|Any CPU.ActiveCfg = Debug|Any CPU
		{3E17CCE3-8CEA-457A-B24B-831451E2AC83}.Debug|Any CPU.Build.0 = Debug|Any CPU
		{3E17CCE3-8CEA-457A-B24B-831451E2AC83}.Release|Any CPU.ActiveCfg = Release|Any CPU
		{3E17CCE3-8CEA-457A-B24B-831451E2AC83}.Release|Any CPU.Build.0 = Release|Any CPU
		{7705CBD6-6596-4A5D-A42B-A4A909B3B63A}.Debug|Any CPU.ActiveCfg = Debug|Any CPU
		{7705CBD6-6596-4A5D-A42B-A4A909B3B63A}.Debug|Any CPU.Build.0 = Debug|Any CPU
		{7705CBD6-6596-4A5D-A42B-A4A909B3B63A}.Release|Any CPU.ActiveCfg = Release|Any CPU
		{7705CBD6-6596-4A5D-A42B-A4A909B3B63A}.Release|Any CPU.Build.0 = Release|Any CPU
	EndGlobalSection
	GlobalSection(SolutionProperties) = preSolution
		HideSolutionNode = FALSE
	EndGlobalSection
	GlobalSection(NestedProjects) = preSolution
		{B68696C8-214B-40CE-9B3A-7A39F6151153} = {259E00B8-5CCF-446B-A226-00D34414292D}
		{2149D070-4F1D-4A13-B495-EFDF215882F0} = {C7DD01B8-11A0-448A-8610-59A668BDE254}
		{3E17CCE3-8CEA-457A-B24B-831451E2AC83} = {76E61CA2-34A9-4ECD-8410-6ACC89C251D3}
		{7705CBD6-6596-4A5D-A42B-A4A909B3B63A} = {504F10A2-6644-4558-9530-094D0A8F6CBD}
	EndGlobalSection
	GlobalSection(ExtensibilityGlobals) = postSolution
		SolutionGuid = {F0ABCC45-EBB1-443C-8957-387A7DBE7FE0}
	EndGlobalSection
EndGlobal
