
Microsoft Visual Studio Solution File, Format Version 12.00
# Visual Studio Version 16
VisualStudioVersion = 16.0.31229.75
MinimumVisualStudioVersion = 10.0.40219.1
Project("{2150E333-8FDC-42A3-9474-1A3956D46DE8}") = "TaskRunner", "TaskRunner", "{259E00B8-5CCF-446B-A226-00D34414292D}"
EndProject
Project("{9A19103F-16F7-4668-BE54-9A1E7A4F7556}") = "TaskRunner", "TaskRunner\TaskRunner.csproj", "{B68696C8-214B-40CE-9B3A-7A39F6151153}"
EndProject
Project("{2150E333-8FDC-42A3-9474-1A3956D46DE8}") = "Common", "Common", "{C7DD01B8-11A0-448A-8610-59A668BDE254}"
EndProject
Project("{9A19103F-16F7-4668-BE54-9A1E7A4F7556}") = "Common", "Common\Common\Common.csproj", "{2149D070-4F1D-4A13-B495-EFDF215882F0}"
EndProject
Project("{2150E333-8FDC-42A3-9474-1A3956D46DE8}") = "1.Arrays", "1.Arrays", "{76E61CA2-34A9-4ECD-8410-6ACC89C251D3}"
EndProject
Project("{9A19103F-16F7-4668-BE54-9A1E7A4F7556}") = "Arrays", "1.Arrays\Arrays\Arrays.csproj", "{3E17CCE3-8CEA-457A-B24B-831451E2AC83}"
EndProject
Project("{2150E333-8FDC-42A3-9474-1A3956D46DE8}") = "99.UnitTest", "99.UnitTest", "{504F10A2-6644-4558-9530-094D0A8F6CBD}"
EndProject
Project("{9A19103F-16F7-4668-BE54-9A1E7A4F7556}") = "UnitTest", "99.UnitTest\UnitTest\UnitTest.csproj", "{7705CBD6-6596-4A5D-A42B-A4A909B3B63A}"
EndProject
Project("{2150E333-8FDC-42A3-9474-1A3956D46DE8}") = "2.LinkedList", "2.LinkedList", "{4BA29CEC-0DCF-492F-8BBD-3F8A6484B02A}"
EndProject
Project("{9A19103F-16F7-4668-BE54-9A1E7A4F7556}") = "LinkedList", "2.LinkedList\LinkedList\LinkedList.csproj", "{3BA8986A-8BD6-4531-86C9-50CF2FD2C683}"
EndProject
Project("{2150E333-8FDC-42A3-9474-1A3956D46DE8}") = "3.StacksAndQueue", "3.StacksAndQueue", "{5C67A89B-59DC-4ADD-A6ED-639AAD907AEA}"
EndProject
Project("{9A19103F-16F7-4668-BE54-9A1E7A4F7556}") = "StacksAndQueue", "3.StacksAndQueue\StacksAndQueue\StacksAndQueue.csproj", "{68E52CED-BEB5-402B-B68E-D5050D97F988}"
EndProject
Project("{2150E333-8FDC-42A3-9474-1A3956D46DE8}") = "4.HashTable", "4.HashTable", "{C668763D-4FE9-4AA8-930B-2E7B95B54438}"
EndProject
Project("{9A19103F-16F7-4668-BE54-9A1E7A4F7556}") = "HashTable", "4.HashTable\HashTable\HashTable.csproj", "{52DB24EC-9377-4031-B1DE-3CCF53AB52E2}"
EndProject
Project("{2150E333-8FDC-42A3-9474-1A3956D46DE8}") = "5.BianryTree", "5.BianryTree", "{EA0E36AB-64C9-4251-97F3-BB815E25BE63}"
EndProject
Project("{FAE04EC0-301F-11D3-BF4B-00C04F79EFBC}") = "BianryTree", "5.BianryTree\BianryTree\BianryTree.csproj", "{88715A92-3901-481F-A8AD-99F896630940}"
EndProject
Global
	GlobalSection(SolutionConfigurationPlatforms) = preSolution
		Debug|Any CPU = Debug|Any CPU
		Release|Any CPU = Release|Any CPU
	EndGlobalSection
	GlobalSection(ProjectConfigurationPlatforms) = postSolution
		{B68696C8-214B-40CE-9B3A-7A39F6151153}.Debug|Any CPU.ActiveCfg = Debug|Any CPU
		{B68696C8-214B-40CE-9B3A-7A39F6151153}.Debug|Any CPU.Build.0 = Debug|Any CPU
		{B68696C8-214B-40CE-9B3A-7A39F6151153}.Release|Any CPU.ActiveCfg = Release|Any CPU
		{B68696C8-214B-40CE-9B3A-7A39F6151153}.Release|Any CPU.Build.0 = Release|Any CPU
		{2149D070-4F1D-4A13-B495-EFDF215882F0}.Debug|Any CPU.ActiveCfg = Debug|Any CPU
		{2149D070-4F1D-4A13-B495-EFDF215882F0}.Debug|Any CPU.Build.0 = Debug|Any CPU
		{2149D070-4F1D-4A13-B495-EFDF215882F0}.Release|Any CPU.ActiveCfg = Release|Any CPU
		{2149D070-4F1D-4A13-B495-EFDF215882F0}.Release|Any CPU.Build.0 = Release|Any CPU
		{3E17CCE3-8CEA-457A-B24B-831451E2AC83}.Debug|Any CPU.ActiveCfg = Debug|Any CPU
		{3E17CCE3-8CEA-457A-B24B-831451E2AC83}.Debug|Any CPU.Build.0 = Debug|Any CPU
		{3E17CCE3-8CEA-457A-B24B-831451E2AC83}.Release|Any CPU.ActiveCfg = Release|Any CPU
		{3E17CCE3-8CEA-457A-B24B-831451E2AC83}.Release|Any CPU.Build.0 = Release|Any CPU
		{7705CBD6-6596-4A5D-A42B-A4A909B3B63A}.Debug|Any CPU.ActiveCfg = Debug|Any CPU
		{7705CBD6-6596-4A5D-A42B-A4A909B3B63A}.Debug|Any CPU.Build.0 = Debug|Any CPU
		{7705CBD6-6596-4A5D-A42B-A4A909B3B63A}.Release|Any CPU.ActiveCfg = Release|Any CPU
		{7705CBD6-6596-4A5D-A42B-A4A909B3B63A}.Release|Any CPU.Build.0 = Release|Any CPU
		{3BA8986A-8BD6-4531-86C9-50CF2FD2C683}.Debug|Any CPU.ActiveCfg = Debug|Any CPU
		{3BA8986A-8BD6-4531-86C9-50CF2FD2C683}.Debug|Any CPU.Build.0 = Debug|Any CPU
		{3BA8986A-8BD6-4531-86C9-50CF2FD2C683}.Release|Any CPU.ActiveCfg = Release|Any CPU
		{3BA8986A-8BD6-4531-86C9-50CF2FD2C683}.Release|Any CPU.Build.0 = Release|Any CPU
		{68E52CED-BEB5-402B-B68E-D5050D97F988}.Debug|Any CPU.ActiveCfg = Debug|Any CPU
		{68E52CED-BEB5-402B-B68E-D5050D97F988}.Debug|Any CPU.Build.0 = Debug|Any CPU
		{68E52CED-BEB5-402B-B68E-D5050D97F988}.Release|Any CPU.ActiveCfg = Release|Any CPU
		{68E52CED-BEB5-402B-B68E-D5050D97F988}.Release|Any CPU.Build.0 = Release|Any CPU
		{52DB24EC-9377-4031-B1DE-3CCF53AB52E2}.Debug|Any CPU.ActiveCfg = Debug|Any CPU
		{52DB24EC-9377-4031-B1DE-3CCF53AB52E2}.Debug|Any CPU.Build.0 = Debug|Any CPU
		{52DB24EC-9377-4031-B1DE-3CCF53AB52E2}.Release|Any CPU.ActiveCfg = Release|Any CPU
		{52DB24EC-9377-4031-B1DE-3CCF53AB52E2}.Release|Any CPU.Build.0 = Release|Any CPU
		{88715A92-3901-481F-A8AD-99F896630940}.Debug|Any CPU.ActiveCfg = Debug|Any CPU
		{88715A92-3901-481F-A8AD-99F896630940}.Debug|Any CPU.Build.0 = Debug|Any CPU
		{88715A92-3901-481F-A8AD-99F896630940}.Release|Any CPU.ActiveCfg = Release|Any CPU
		{88715A92-3901-481F-A8AD-99F896630940}.Release|Any CPU.Build.0 = Release|Any CPU
	EndGlobalSection
	GlobalSection(SolutionProperties) = preSolution
		HideSolutionNode = FALSE
	EndGlobalSection
	GlobalSection(NestedProjects) = preSolution
		{B68696C8-214B-40CE-9B3A-7A39F6151153} = {259E00B8-5CCF-446B-A226-00D34414292D}
		{2149D070-4F1D-4A13-B495-EFDF215882F0} = {C7DD01B8-11A0-448A-8610-59A668BDE254}
		{3E17CCE3-8CEA-457A-B24B-831451E2AC83} = {76E61CA2-34A9-4ECD-8410-6ACC89C251D3}
		{7705CBD6-6596-4A5D-A42B-A4A909B3B63A} = {504F10A2-6644-4558-9530-094D0A8F6CBD}
		{3BA8986A-8BD6-4531-86C9-50CF2FD2C683} = {4BA29CEC-0DCF-492F-8BBD-3F8A6484B02A}
		{68E52CED-BEB5-402B-B68E-D5050D97F988} = {5C67A89B-59DC-4ADD-A6ED-639AAD907AEA}
		{52DB24EC-9377-4031-B1DE-3CCF53AB52E2} = {C668763D-4FE9-4AA8-930B-2E7B95B54438}
		{88715A92-3901-481F-A8AD-99F896630940} = {EA0E36AB-64C9-4251-97F3-BB815E25BE63}
	EndGlobalSection
	GlobalSection(ExtensibilityGlobals) = postSolution
		SolutionGuid = {F0ABCC45-EBB1-443C-8957-387A7DBE7FE0}
	EndGlobalSection
EndGlobal
